// !$*UTF8*$!
{
	archiveVersion = 1;
	classes = {
	};
	objectVersion = 56;
	objects = {

/* Begin PBXBuildFile section */
		429ACA7B2C29450C00B0276E /* RouterApp.swift in Sources */ = {isa = PBXBuildFile; fileRef = 429ACA7A2C29450C00B0276E /* RouterApp.swift */; };
		429ACA7D2C29450C00B0276E /* ContentView.swift in Sources */ = {isa = PBXBuildFile; fileRef = 429ACA7C2C29450C00B0276E /* ContentView.swift */; };
		429ACA7F2C29450D00B0276E /* Assets.xcassets in Resources */ = {isa = PBXBuildFile; fileRef = 429ACA7E2C29450D00B0276E /* Assets.xcassets */; };
		429ACA822C29450D00B0276E /* Preview Assets.xcassets in Resources */ = {isa = PBXBuildFile; fileRef = 429ACA812C29450D00B0276E /* Preview Assets.xcassets */; };
		429ACA892C29452E00B0276E /* Routable.swift in Sources */ = {isa = PBXBuildFile; fileRef = 429ACA882C29452E00B0276E /* Routable.swift */; };
		429ACA8B2C29453D00B0276E /* RouteType.swift in Sources */ = {isa = PBXBuildFile; fileRef = 429ACA8A2C29453D00B0276E /* RouteType.swift */; };
		429ACA8D2C29456900B0276E /* AnyRoutable.swift in Sources */ = {isa = PBXBuildFile; fileRef = 429ACA8C2C29456900B0276E /* AnyRoutable.swift */; };
		429ACA8F2C2945EF00B0276E /* Router.swift in Sources */ = {isa = PBXBuildFile; fileRef = 429ACA8E2C2945EF00B0276E /* Router.swift */; };
		429ACA932C29474C00B0276E /* CommonRoute.swift in Sources */ = {isa = PBXBuildFile; fileRef = 429ACA922C29474C00B0276E /* CommonRoute.swift */; };
		429ACA952C29477C00B0276E /* LoginRoute.swift in Sources */ = {isa = PBXBuildFile; fileRef = 429ACA942C29477C00B0276E /* LoginRoute.swift */; };
		429ACA9B2C298A9900B0276E /* RouteStyle.swift in Sources */ = {isa = PBXBuildFile; fileRef = 429ACA9A2C298A9900B0276E /* RouteStyle.swift */; };
		429ACA9D2C298E0300B0276E /* AnyRoutableView.swift in Sources */ = {isa = PBXBuildFile; fileRef = 429ACA9C2C298E0300B0276E /* AnyRoutableView.swift */; };
		429ACA9F2C29C97400B0276E /* Router+Root.swift in Sources */ = {isa = PBXBuildFile; fileRef = 429ACA9E2C29C97400B0276E /* Router+Root.swift */; };
/* End PBXBuildFile section */

/* Begin PBXFileReference section */
		429ACA772C29450C00B0276E /* Router.app */ = {isa = PBXFileReference; explicitFileType = wrapper.application; includeInIndex = 0; path = Router.app; sourceTree = BUILT_PRODUCTS_DIR; };
		429ACA7A2C29450C00B0276E /* RouterApp.swift */ = {isa = PBXFileReference; lastKnownFileType = sourcecode.swift; path = RouterApp.swift; sourceTree = "<group>"; };
		429ACA7C2C29450C00B0276E /* ContentView.swift */ = {isa = PBXFileReference; lastKnownFileType = sourcecode.swift; path = ContentView.swift; sourceTree = "<group>"; };
		429ACA7E2C29450D00B0276E /* Assets.xcassets */ = {isa = PBXFileReference; lastKnownFileType = folder.assetcatalog; path = Assets.xcassets; sourceTree = "<group>"; };
		429ACA812C29450D00B0276E /* Preview Assets.xcassets */ = {isa = PBXFileReference; lastKnownFileType = folder.assetcatalog; path = "Preview Assets.xcassets"; sourceTree = "<group>"; };
		429ACA882C29452E00B0276E /* Routable.swift */ = {isa = PBXFileReference; lastKnownFileType = sourcecode.swift; path = Routable.swift; sourceTree = "<group>"; };
		429ACA8A2C29453D00B0276E /* RouteType.swift */ = {isa = PBXFileReference; lastKnownFileType = sourcecode.swift; path = RouteType.swift; sourceTree = "<group>"; };
		429ACA8C2C29456900B0276E /* AnyRoutable.swift */ = {isa = PBXFileReference; lastKnownFileType = sourcecode.swift; path = AnyRoutable.swift; sourceTree = "<group>"; };
		429ACA8E2C2945EF00B0276E /* Router.swift */ = {isa = PBXFileReference; lastKnownFileType = sourcecode.swift; path = Router.swift; sourceTree = "<group>"; };
		429ACA922C29474C00B0276E /* CommonRoute.swift */ = {isa = PBXFileReference; lastKnownFileType = sourcecode.swift; path = CommonRoute.swift; sourceTree = "<group>"; };
		429ACA942C29477C00B0276E /* LoginRoute.swift */ = {isa = PBXFileReference; lastKnownFileType = sourcecode.swift; path = LoginRoute.swift; sourceTree = "<group>"; };
		429ACA9A2C298A9900B0276E /* RouteStyle.swift */ = {isa = PBXFileReference; lastKnownFileType = sourcecode.swift; path = RouteStyle.swift; sourceTree = "<group>"; };
		429ACA9C2C298E0300B0276E /* AnyRoutableView.swift */ = {isa = PBXFileReference; lastKnownFileType = sourcecode.swift; path = AnyRoutableView.swift; sourceTree = "<group>"; };
		429ACA9E2C29C97400B0276E /* Router+Root.swift */ = {isa = PBXFileReference; lastKnownFileType = sourcecode.swift; path = "Router+Root.swift"; sourceTree = "<group>"; };
/* End PBXFileReference section */

/* Begin PBXFrameworksBuildPhase section */
		429ACA742C29450C00B0276E /* Frameworks */ = {
			isa = PBXFrameworksBuildPhase;
			buildActionMask = 2147483647;
			files = (
			);
			runOnlyForDeploymentPostprocessing = 0;
		};
/* End PBXFrameworksBuildPhase section */

/* Begin PBXGroup section */
		429ACA6E2C29450C00B0276E = {
			isa = PBXGroup;
			children = (
				429ACA792C29450C00B0276E /* Router */,
				429ACA782C29450C00B0276E /* Products */,
			);
			sourceTree = "<group>";
		};
		429ACA782C29450C00B0276E /* Products */ = {
			isa = PBXGroup;
			children = (
				429ACA772C29450C00B0276E /* Router.app */,
			);
			name = Products;
			sourceTree = "<group>";
		};
		429ACA792C29450C00B0276E /* Router */ = {
			isa = PBXGroup;
			children = (
				429ACA7A2C29450C00B0276E /* RouterApp.swift */,
				429ACA7C2C29450C00B0276E /* ContentView.swift */,
				429ACA962C294D5A00B0276E /* Protocol */,
				429ACA982C294D8700B0276E /* Data */,
				429ACA972C294D6900B0276E /* Manager */,
				429ACA7E2C29450D00B0276E /* Assets.xcassets */,
				429ACA802C29450D00B0276E /* Preview Content */,
			);
			path = Router;
			sourceTree = "<group>";
		};
		429ACA802C29450D00B0276E /* Preview Content */ = {
			isa = PBXGroup;
			children = (
				429ACA812C29450D00B0276E /* Preview Assets.xcassets */,
			);
			path = "Preview Content";
			sourceTree = "<group>";
		};
		429ACA962C294D5A00B0276E /* Protocol */ = {
			isa = PBXGroup;
			children = (
				429ACA882C29452E00B0276E /* Routable.swift */,
			);
			path = Protocol;
			sourceTree = "<group>";
		};
		429ACA972C294D6900B0276E /* Manager */ = {
			isa = PBXGroup;
			children = (
				429ACA8E2C2945EF00B0276E /* Router.swift */,
				429ACA9E2C29C97400B0276E /* Router+Root.swift */,
			);
			path = Manager;
			sourceTree = "<group>";
		};
		429ACA982C294D8700B0276E /* Data */ = {
			isa = PBXGroup;
			children = (
				429ACA992C294DB100B0276E /* Custom */,
				429ACA8C2C29456900B0276E /* AnyRoutable.swift */,
				429ACA9A2C298A9900B0276E /* RouteStyle.swift */,
				429ACA9C2C298E0300B0276E /* AnyRoutableView.swift */,
			);
			path = Data;
			sourceTree = "<group>";
		};
		429ACA992C294DB100B0276E /* Custom */ = {
			isa = PBXGroup;
			children = (
				429ACA8A2C29453D00B0276E /* RouteType.swift */,
				429ACA942C29477C00B0276E /* LoginRoute.swift */,
				429ACA922C29474C00B0276E /* CommonRoute.swift */,
			);
			path = Custom;
			sourceTree = "<group>";
		};
/* End PBXGroup section */

/* Begin PBXNativeTarget section */
		429ACA762C29450C00B0276E /* Router */ = {
			isa = PBXNativeTarget;
			buildConfigurationList = 429ACA852C29450D00B0276E /* Build configuration list for PBXNativeTarget "Router" */;
			buildPhases = (
				429ACA732C29450C00B0276E /* Sources */,
				429ACA742C29450C00B0276E /* Frameworks */,
				429ACA752C29450C00B0276E /* Resources */,
			);
			buildRules = (
			);
			dependencies = (
			);
			name = Router;
			productName = Router;
			productReference = 429ACA772C29450C00B0276E /* Router.app */;
			productType = "com.apple.product-type.application";
		};
/* End PBXNativeTarget section */

/* Begin PBXProject section */
		429ACA6F2C29450C00B0276E /* Project object */ = {
			isa = PBXProject;
			attributes = {
				BuildIndependentTargetsInParallel = 1;
				LastSwiftUpdateCheck = 1530;
				LastUpgradeCheck = 1530;
				TargetAttributes = {
					429ACA762C29450C00B0276E = {
						CreatedOnToolsVersion = 15.3;
					};
				};
			};
			buildConfigurationList = 429ACA722C29450C00B0276E /* Build configuration list for PBXProject "Router" */;
			compatibilityVersion = "Xcode 14.0";
			developmentRegion = en;
			hasScannedForEncodings = 0;
			knownRegions = (
				en,
				Base,
			);
			mainGroup = 429ACA6E2C29450C00B0276E;
			productRefGroup = 429ACA782C29450C00B0276E /* Products */;
			projectDirPath = "";
			projectRoot = "";
			targets = (
				429ACA762C29450C00B0276E /* Router */,
			);
		};
/* End PBXProject section */

/* Begin PBXResourcesBuildPhase section */
		429ACA752C29450C00B0276E /* Resources */ = {
			isa = PBXResourcesBuildPhase;
			buildActionMask = 2147483647;
			files = (
				429ACA822C29450D00B0276E /* Preview Assets.xcassets in Resources */,
				429ACA7F2C29450D00B0276E /* Assets.xcassets in Resources */,
			);
			runOnlyForDeploymentPostprocessing = 0;
		};
/* End PBXResourcesBuildPhase section */

/* Begin PBXSourcesBuildPhase section */
		429ACA732C29450C00B0276E /* Sources */ = {
			isa = PBXSourcesBuildPhase;
			buildActionMask = 2147483647;
			files = (
				429ACA7D2C29450C00B0276E /* ContentView.swift in Sources */,
				429ACA932C29474C00B0276E /* CommonRoute.swift in Sources */,
				429ACA892C29452E00B0276E /* Routable.swift in Sources */,
				429ACA9F2C29C97400B0276E /* Router+Root.swift in Sources */,
				429ACA952C29477C00B0276E /* LoginRoute.swift in Sources */,
				429ACA7B2C29450C00B0276E /* RouterApp.swift in Sources */,
				429ACA9D2C298E0300B0276E /* AnyRoutableView.swift in Sources */,
				429ACA8D2C29456900B0276E /* AnyRoutable.swift in Sources */,
				429ACA8F2C2945EF00B0276E /* Router.swift in Sources */,
				429ACA8B2C29453D00B0276E /* RouteType.swift in Sources */,
				429ACA9B2C298A9900B0276E /* RouteStyle.swift in Sources */,
			);
			runOnlyForDeploymentPostprocessing = 0;
		};
/* End PBXSourcesBuildPhase section */

/* Begin XCBuildConfiguration section */
		429ACA832C29450D00B0276E /* Debug */ = {
			isa = XCBuildConfiguration;
			buildSettings = {
				ALWAYS_SEARCH_USER_PATHS = NO;
				ASSETCATALOG_COMPILER_GENERATE_SWIFT_ASSET_SYMBOL_EXTENSIONS = YES;
				CLANG_ANALYZER_NONNULL = YES;
				CLANG_ANALYZER_NUMBER_OBJECT_CONVERSION = YES_AGGRESSIVE;
				CLANG_CXX_LANGUAGE_STANDARD = "gnu++20";
				CLANG_ENABLE_MODULES = YES;
				CLANG_ENABLE_OBJC_ARC = YES;
				CLANG_ENABLE_OBJC_WEAK = YES;
				CLANG_WARN_BLOCK_CAPTURE_AUTORELEASING = YES;
				CLANG_WARN_BOOL_CONVERSION = YES;
				CLANG_WARN_COMMA = YES;
				CLANG_WARN_CONSTANT_CONVERSION = YES;
				CLANG_WARN_DEPRECATED_OBJC_IMPLEMENTATIONS = YES;
				CLANG_WARN_DIRECT_OBJC_ISA_USAGE = YES_ERROR;
				CLANG_WARN_DOCUMENTATION_COMMENTS = YES;
				CLANG_WARN_EMPTY_BODY = YES;
				CLANG_WARN_ENUM_CONVERSION = YES;
				CLANG_WARN_INFINITE_RECURSION = YES;
				CLANG_WARN_INT_CONVERSION = YES;
				CLANG_WARN_NON_LITERAL_NULL_CONVERSION = YES;
				CLANG_WARN_OBJC_IMPLICIT_RETAIN_SELF = YES;
				CLANG_WARN_OBJC_LITERAL_CONVERSION = YES;
				CLANG_WARN_OBJC_ROOT_CLASS = YES_ERROR;
				CLANG_WARN_QUOTED_INCLUDE_IN_FRAMEWORK_HEADER = YES;
				CLANG_WARN_RANGE_LOOP_ANALYSIS = YES;
				CLANG_WARN_STRICT_PROTOTYPES = YES;
				CLANG_WARN_SUSPICIOUS_MOVE = YES;
				CLANG_WARN_UNGUARDED_AVAILABILITY = YES_AGGRESSIVE;
				CLANG_WARN_UNREACHABLE_CODE = YES;
				CLANG_WARN__DUPLICATE_METHOD_MATCH = YES;
				COPY_PHASE_STRIP = NO;
				DEBUG_INFORMATION_FORMAT = dwarf;
				ENABLE_STRICT_OBJC_MSGSEND = YES;
				ENABLE_TESTABILITY = YES;
				ENABLE_USER_SCRIPT_SANDBOXING = YES;
				GCC_C_LANGUAGE_STANDARD = gnu17;
				GCC_DYNAMIC_NO_PIC = NO;
				GCC_NO_COMMON_BLOCKS = YES;
				GCC_OPTIMIZATION_LEVEL = 0;
				GCC_PREPROCESSOR_DEFINITIONS = (
					"DEBUG=1",
					"$(inherited)",
				);
				GCC_WARN_64_TO_32_BIT_CONVERSION = YES;
				GCC_WARN_ABOUT_RETURN_TYPE = YES_ERROR;
				GCC_WARN_UNDECLARED_SELECTOR = YES;
				GCC_WARN_UNINITIALIZED_AUTOS = YES_AGGRESSIVE;
				GCC_WARN_UNUSED_FUNCTION = YES;
				GCC_WARN_UNUSED_VARIABLE = YES;
				IPHONEOS_DEPLOYMENT_TARGET = 17.4;
				LOCALIZATION_PREFERS_STRING_CATALOGS = YES;
				MTL_ENABLE_DEBUG_INFO = INCLUDE_SOURCE;
				MTL_FAST_MATH = YES;
				ONLY_ACTIVE_ARCH = YES;
				SDKROOT = iphoneos;
				SWIFT_ACTIVE_COMPILATION_CONDITIONS = "DEBUG $(inherited)";
				SWIFT_OPTIMIZATION_LEVEL = "-Onone";
			};
			name = Debug;
		};
		429ACA842C29450D00B0276E /* Release */ = {
			isa = XCBuildConfiguration;
			buildSettings = {
				ALWAYS_SEARCH_USER_PATHS = NO;
				ASSETCATALOG_COMPILER_GENERATE_SWIFT_ASSET_SYMBOL_EXTENSIONS = YES;
				CLANG_ANALYZER_NONNULL = YES;
				CLANG_ANALYZER_NUMBER_OBJECT_CONVERSION = YES_AGGRESSIVE;
				CLANG_CXX_LANGUAGE_STANDARD = "gnu++20";
				CLANG_ENABLE_MODULES = YES;
				CLANG_ENABLE_OBJC_ARC = YES;
				CLANG_ENABLE_OBJC_WEAK = YES;
				CLANG_WARN_BLOCK_CAPTURE_AUTORELEASING = YES;
				CLANG_WARN_BOOL_CONVERSION = YES;
				CLANG_WARN_COMMA = YES;
				CLANG_WARN_CONSTANT_CONVERSION = YES;
				CLANG_WARN_DEPRECATED_OBJC_IMPLEMENTATIONS = YES;
				CLANG_WARN_DIRECT_OBJC_ISA_USAGE = YES_ERROR;
				CLANG_WARN_DOCUMENTATION_COMMENTS = YES;
				CLANG_WARN_EMPTY_BODY = YES;
				CLANG_WARN_ENUM_CONVERSION = YES;
				CLANG_WARN_INFINITE_RECURSION = YES;
				CLANG_WARN_INT_CONVERSION = YES;
				CLANG_WARN_NON_LITERAL_NULL_CONVERSION = YES;
				CLANG_WARN_OBJC_IMPLICIT_RETAIN_SELF = YES;
				CLANG_WARN_OBJC_LITERAL_CONVERSION = YES;
				CLANG_WARN_OBJC_ROOT_CLASS = YES_ERROR;
				CLANG_WARN_QUOTED_INCLUDE_IN_FRAMEWORK_HEADER = YES;
				CLANG_WARN_RANGE_LOOP_ANALYSIS = YES;
				CLANG_WARN_STRICT_PROTOTYPES = YES;
				CLANG_WARN_SUSPICIOUS_MOVE = YES;
				CLANG_WARN_UNGUARDED_AVAILABILITY = YES_AGGRESSIVE;
				CLANG_WARN_UNREACHABLE_CODE = YES;
				CLANG_WARN__DUPLICATE_METHOD_MATCH = YES;
				COPY_PHASE_STRIP = NO;
				DEBUG_INFORMATION_FORMAT = "dwarf-with-dsym";
				ENABLE_NS_ASSERTIONS = NO;
				ENABLE_STRICT_OBJC_MSGSEND = YES;
				ENABLE_USER_SCRIPT_SANDBOXING = YES;
				GCC_C_LANGUAGE_STANDARD = gnu17;
				GCC_NO_COMMON_BLOCKS = YES;
				GCC_WARN_64_TO_32_BIT_CONVERSION = YES;
				GCC_WARN_ABOUT_RETURN_TYPE = YES_ERROR;
				GCC_WARN_UNDECLARED_SELECTOR = YES;
				GCC_WARN_UNINITIALIZED_AUTOS = YES_AGGRESSIVE;
				GCC_WARN_UNUSED_FUNCTION = YES;
				GCC_WARN_UNUSED_VARIABLE = YES;
				IPHONEOS_DEPLOYMENT_TARGET = 17.4;
				LOCALIZATION_PREFERS_STRING_CATALOGS = YES;
				MTL_ENABLE_DEBUG_INFO = NO;
				MTL_FAST_MATH = YES;
				SDKROOT = iphoneos;
				SWIFT_COMPILATION_MODE = wholemodule;
				VALIDATE_PRODUCT = YES;
			};
			name = Release;
		};
		429ACA862C29450D00B0276E /* Debug */ = {
			isa = XCBuildConfiguration;
			buildSettings = {
				ASSETCATALOG_COMPILER_APPICON_NAME = AppIcon;
				ASSETCATALOG_COMPILER_GLOBAL_ACCENT_COLOR_NAME = AccentColor;
				CODE_SIGN_STYLE = Automatic;
				CURRENT_PROJECT_VERSION = 1;
				DEVELOPMENT_ASSET_PATHS = "\"Router/Preview Content\"";
				DEVELOPMENT_TEAM = Q6CK9777WL;
				ENABLE_PREVIEWS = YES;
				GENERATE_INFOPLIST_FILE = YES;
				INFOPLIST_KEY_UIApplicationSceneManifest_Generation = YES;
				INFOPLIST_KEY_UIApplicationSupportsIndirectInputEvents = YES;
				INFOPLIST_KEY_UILaunchScreen_Generation = YES;
				INFOPLIST_KEY_UISupportedInterfaceOrientations_iPad = "UIInterfaceOrientationPortrait UIInterfaceOrientationPortraitUpsideDown UIInterfaceOrientationLandscapeLeft UIInterfaceOrientationLandscapeRight";
				INFOPLIST_KEY_UISupportedInterfaceOrientations_iPhone = "UIInterfaceOrientationPortrait UIInterfaceOrientationLandscapeLeft UIInterfaceOrientationLandscapeRight";
				LD_RUNPATH_SEARCH_PATHS = (
					"$(inherited)",
					"@executable_path/Frameworks",
				);
				MARKETING_VERSION = 1.0;
				PRODUCT_BUNDLE_IDENTIFIER = com.yuseong.com.Router;
				PRODUCT_NAME = "$(TARGET_NAME)";
				SWIFT_EMIT_LOC_STRINGS = YES;
				SWIFT_VERSION = 5.0;
				TARGETED_DEVICE_FAMILY = "1,2";
			};
			name = Debug;
		};
		429ACA872C29450D00B0276E /* Release */ = {
			isa = XCBuildConfiguration;
			buildSettings = {
				ASSETCATALOG_COMPILER_APPICON_NAME = AppIcon;
				ASSETCATALOG_COMPILER_GLOBAL_ACCENT_COLOR_NAME = AccentColor;
				CODE_SIGN_STYLE = Automatic;
				CURRENT_PROJECT_VERSION = 1;
				DEVELOPMENT_ASSET_PATHS = "\"Router/Preview Content\"";
				DEVELOPMENT_TEAM = Q6CK9777WL;
				ENABLE_PREVIEWS = YES;
				GENERATE_INFOPLIST_FILE = YES;
				INFOPLIST_KEY_UIApplicationSceneManifest_Generation = YES;
				INFOPLIST_KEY_UIApplicationSupportsIndirectInputEvents = YES;
				INFOPLIST_KEY_UILaunchScreen_Generation = YES;
				INFOPLIST_KEY_UISupportedInterfaceOrientations_iPad = "UIInterfaceOrientationPortrait UIInterfaceOrientationPortraitUpsideDown UIInterfaceOrientationLandscapeLeft UIInterfaceOrientationLandscapeRight";
				INFOPLIST_KEY_UISupportedInterfaceOrientations_iPhone = "UIInterfaceOrientationPortrait UIInterfaceOrientationLandscapeLeft UIInterfaceOrientationLandscapeRight";
				LD_RUNPATH_SEARCH_PATHS = (
					"$(inherited)",
					"@executable_path/Frameworks",
				);
				MARKETING_VERSION = 1.0;
				PRODUCT_BUNDLE_IDENTIFIER = com.yuseong.com.Router;
				PRODUCT_NAME = "$(TARGET_NAME)";
				SWIFT_EMIT_LOC_STRINGS = YES;
				SWIFT_VERSION = 5.0;
				TARGETED_DEVICE_FAMILY = "1,2";
			};
			name = Release;
		};
/* End XCBuildConfiguration section */

/* Begin XCConfigurationList section */
		429ACA722C29450C00B0276E /* Build configuration list for PBXProject "Router" */ = {
			isa = XCConfigurationList;
			buildConfigurations = (
				429ACA832C29450D00B0276E /* Debug */,
				429ACA842C29450D00B0276E /* Release */,
			);
			defaultConfigurationIsVisible = 0;
			defaultConfigurationName = Release;
		};
		429ACA852C29450D00B0276E /* Build configuration list for PBXNativeTarget "Router" */ = {
			isa = XCConfigurationList;
			buildConfigurations = (
				429ACA862C29450D00B0276E /* Debug */,
				429ACA872C29450D00B0276E /* Release */,
			);
			defaultConfigurationIsVisible = 0;
			defaultConfigurationName = Release;
		};
/* End XCConfigurationList section */
	};
	rootObject = 429ACA6F2C29450C00B0276E /* Project object */;
}
